
Microsoft Visual Studio Solution File, Format Version 12.00
# Visual Studio Version 17
VisualStudioVersion = 17.2.32630.192
MinimumVisualStudioVersion = 10.0.40219.1
Project("{8BC9CEB8-8B4A-11D0-8D11-00A0C91BC942}") = "lab1_part2", "lab1_part2.vcxproj", "{BFBA12C2-59EF-4399-9A52-39F40337BE2F}"
EndProject
Global
	GlobalSection(SolutionConfigurationPlatforms) = preSolution
		Debug|x64 = Debug|x64
		Debug|x86 = Debug|x86
		Release|x64 = Release|x64
		Release|x86 = Release|x86
	EndGlobalSection
	GlobalSection(ProjectConfigurationPlatforms) = postSolution
		{BFBA12C2-59EF-4399-9A52-39F40337BE2F}.Debug|x64.ActiveCfg = Debug|x64
		{BFBA12C2-59EF-4399-9A52-39F40337BE2F}.Debug|x64.Build.0 = Debug|x64
		{BFBA12C2-59EF-4399-9A52-39F40337BE2F}.Debug|x86.ActiveCfg = Debug|Win32
		{BFBA12C2-59EF-4399-9A52-39F40337BE2F}.Debug|x86.Build.0 = Debug|Win32
		{BFBA12C2-59EF-4399-9A52-39F40337BE2F}.Release|x64.ActiveCfg = Release|x64
		{BFBA12C2-59EF-4399-9A52-39F40337BE2F}.Release|x64.Build.0 = Release|x64
		{BFBA12C2-59EF-4399-9A52-39F40337BE2F}.Release|x86.ActiveCfg = Release|Win32
		{BFBA12C2-59EF-4399-9A52-39F40337BE2F}.Release|x86.Build.0 = Release|Win32
	EndGlobalSection
	GlobalSection(SolutionProperties) = preSolution
		HideSolutionNode = FALSE
	EndGlobalSection
	GlobalSection(ExtensibilityGlobals) = postSolution
		SolutionGuid = {8BF1FAD5-A07D-405F-A550-C151337C7EB6}
	EndGlobalSection
EndGlobal
